
Microsoft Visual Studio Solution File, Format Version 12.00
# Visual Studio Version 17
VisualStudioVersion = 17.9.34622.214
MinimumVisualStudioVersion = 10.0.40219.1
Project("{9A19103F-16F7-4668-BE54-9A1E7A4F7556}") = "BarabanSushilPech", "BarabanSushilPech\BarabanSushilPech.csproj", "{1CE0D36F-2B1F-46E4-BAAE-8F7C5114DA2B}"
EndProject
Project("{9A19103F-16F7-4668-BE54-9A1E7A4F7556}") = "BarabanPechFormulas", "BarabanPechFormulas\BarabanPechFormulas.csproj", "{B6CE90CB-3883-4B25-8F01-D6792041C713}"
EndProject
Global
	GlobalSection(SolutionConfigurationPlatforms) = preSolution
		Debug|Any CPU = Debug|Any CPU
		Release|Any CPU = Release|Any CPU
	EndGlobalSection
	GlobalSection(ProjectConfigurationPlatforms) = postSolution
		{1CE0D36F-2B1F-46E4-BAAE-8F7C5114DA2B}.Debug|Any CPU.ActiveCfg = Debug|Any CPU
		{1CE0D36F-2B1F-46E4-BAAE-8F7C5114DA2B}.Debug|Any CPU.Build.0 = Debug|Any CPU
		{1CE0D36F-2B1F-46E4-BAAE-8F7C5114DA2B}.Release|Any CPU.ActiveCfg = Release|Any CPU
		{1CE0D36F-2B1F-46E4-BAAE-8F7C5114DA2B}.Release|Any CPU.Build.0 = Release|Any CPU
		{B6CE90CB-3883-4B25-8F01-D6792041C713}.Debug|Any CPU.ActiveCfg = Debug|Any CPU
		{B6CE90CB-3883-4B25-8F01-D6792041C713}.Debug|Any CPU.Build.0 = Debug|Any CPU
		{B6CE90CB-3883-4B25-8F01-D6792041C713}.Release|Any CPU.ActiveCfg = Release|Any CPU
		{B6CE90CB-3883-4B25-8F01-D6792041C713}.Release|Any CPU.Build.0 = Release|Any CPU
	EndGlobalSection
	GlobalSection(SolutionProperties) = preSolution
		HideSolutionNode = FALSE
	EndGlobalSection
	GlobalSection(ExtensibilityGlobals) = postSolution
		SolutionGuid = {E758CC6B-3A46-4EF0-8456-5F4E774E7F71}
	EndGlobalSection
EndGlobal
